
Microsoft Visual Studio Solution File, Format Version 12.00
# Visual Studio Version 17
VisualStudioVersion = 17.11.35222.181
MinimumVisualStudioVersion = 10.0.40219.1
Project("{FAE04EC0-301F-11D3-BF4B-00C04F79EFBC}") = "Delivary.Domain", "Delivary.Domain\Delivary.Domain.csproj", "{893FCA84-A985-40BC-82A2-31A8C8266283}"
EndProject
Project("{FAE04EC0-301F-11D3-BF4B-00C04F79EFBC}") = "Delivary.Infrastructure", "Delivary.Infrastructure\Delivary.Infrastructure.csproj", "{D3B87152-9BD1-40BB-B124-440589989240}"
EndProject
Project("{FAE04EC0-301F-11D3-BF4B-00C04F79EFBC}") = "Delivary.Application", "Delivary.Application\Delivary.Application.csproj", "{2DB8DD59-E58B-43C1-A08D-64292E91C281}"
EndProject
Project("{FAE04EC0-301F-11D3-BF4B-00C04F79EFBC}") = "Delivary.API", "Delivary.API\Delivary.API.csproj", "{35655A53-8427-453E-B37B-3CB22D515D21}"
EndProject
Project("{FAE04EC0-301F-11D3-BF4B-00C04F79EFBC}") = "Delivary.Test", "Delivary.Test\Delivary.Test.csproj", "{37F22BC0-09CF-452E-B5B1-5D19E231FDAA}"
EndProject
Global
	GlobalSection(SolutionConfigurationPlatforms) = preSolution
		Debug|Any CPU = Debug|Any CPU
		Release|Any CPU = Release|Any CPU
	EndGlobalSection
	GlobalSection(ProjectConfigurationPlatforms) = postSolution
		{893FCA84-A985-40BC-82A2-31A8C8266283}.Debug|Any CPU.ActiveCfg = Debug|Any CPU
		{893FCA84-A985-40BC-82A2-31A8C8266283}.Debug|Any CPU.Build.0 = Debug|Any CPU
		{893FCA84-A985-40BC-82A2-31A8C8266283}.Release|Any CPU.ActiveCfg = Release|Any CPU
		{893FCA84-A985-40BC-82A2-31A8C8266283}.Release|Any CPU.Build.0 = Release|Any CPU
		{D3B87152-9BD1-40BB-B124-440589989240}.Debug|Any CPU.ActiveCfg = Debug|Any CPU
		{D3B87152-9BD1-40BB-B124-440589989240}.Debug|Any CPU.Build.0 = Debug|Any CPU
		{D3B87152-9BD1-40BB-B124-440589989240}.Release|Any CPU.ActiveCfg = Release|Any CPU
		{D3B87152-9BD1-40BB-B124-440589989240}.Release|Any CPU.Build.0 = Release|Any CPU
		{2DB8DD59-E58B-43C1-A08D-64292E91C281}.Debug|Any CPU.ActiveCfg = Debug|Any CPU
		{2DB8DD59-E58B-43C1-A08D-64292E91C281}.Debug|Any CPU.Build.0 = Debug|Any CPU
		{2DB8DD59-E58B-43C1-A08D-64292E91C281}.Release|Any CPU.ActiveCfg = Release|Any CPU
		{2DB8DD59-E58B-43C1-A08D-64292E91C281}.Release|Any CPU.Build.0 = Release|Any CPU
		{35655A53-8427-453E-B37B-3CB22D515D21}.Debug|Any CPU.ActiveCfg = Debug|Any CPU
		{35655A53-8427-453E-B37B-3CB22D515D21}.Debug|Any CPU.Build.0 = Debug|Any CPU
		{35655A53-8427-453E-B37B-3CB22D515D21}.Release|Any CPU.ActiveCfg = Release|Any CPU
		{35655A53-8427-453E-B37B-3CB22D515D21}.Release|Any CPU.Build.0 = Release|Any CPU
		{37F22BC0-09CF-452E-B5B1-5D19E231FDAA}.Debug|Any CPU.ActiveCfg = Debug|Any CPU
		{37F22BC0-09CF-452E-B5B1-5D19E231FDAA}.Debug|Any CPU.Build.0 = Debug|Any CPU
		{37F22BC0-09CF-452E-B5B1-5D19E231FDAA}.Release|Any CPU.ActiveCfg = Release|Any CPU
		{37F22BC0-09CF-452E-B5B1-5D19E231FDAA}.Release|Any CPU.Build.0 = Release|Any CPU
	EndGlobalSection
	GlobalSection(SolutionProperties) = preSolution
		HideSolutionNode = FALSE
	EndGlobalSection
	GlobalSection(ExtensibilityGlobals) = postSolution
		SolutionGuid = {79B95EFA-0A39-48BC-B651-E1F23D9E33F4}
	EndGlobalSection
EndGlobal
